
Microsoft Visual Studio Solution File, Format Version 12.00
# Visual Studio Version 17
VisualStudioVersion = 17.0.31903.59
MinimumVisualStudioVersion = 10.0.40219.1
Project("{2150E333-8FDC-42A3-9474-1A3956D46DE8}") = "src", "src", "{827E0CD3-B72D-47B6-A68D-7590B98EB39B}"
EndProject
Project("{FAE04EC0-301F-11D3-BF4B-00C04F79EFBC}") = "BalanceApi.Api", "src\BalanceApi.Api\BalanceApi.Api.csproj", "{B9B5C016-E2B4-4690-B3A2-4E6C039E565B}"
EndProject
Project("{FAE04EC0-301F-11D3-BF4B-00C04F79EFBC}") = "BalanceApi.Application", "src\BalanceApi.Application\BalanceApi.Application.csproj", "{BFAD7868-A067-48A0-BC5C-0887FCEEA7DB}"
EndProject
Project("{FAE04EC0-301F-11D3-BF4B-00C04F79EFBC}") = "BalanceApi.Domain", "src\BalanceApi.Domain\BalanceApi.Domain.csproj", "{4C55E44C-CE94-47BF-9C70-DE6FB46FC884}"
EndProject
Project("{FAE04EC0-301F-11D3-BF4B-00C04F79EFBC}") = "BalanceApi.Infrastructure", "src\BalanceApi.Infrastructure\BalanceApi.Infrastructure.csproj", "{E02718AF-DCA3-4579-BDA9-B1A76EAA0D20}"
EndProject
Project("{2150E333-8FDC-42A3-9474-1A3956D46DE8}") = "tests", "tests", "{0AB3BF05-4346-4AA6-1389-037BE0695223}"
EndProject
Project("{FAE04EC0-301F-11D3-BF4B-00C04F79EFBC}") = "BalanceApi.Api.Tests", "tests\BalanceApi.Api.Tests\BalanceApi.Api.Tests.csproj", "{17EA5621-1885-4004-BB06-B022E7F9D0B7}"
EndProject
Project("{FAE04EC0-301F-11D3-BF4B-00C04F79EFBC}") = "BalanceApi.Application.Tests", "tests\BalanceApi.Application.Tests\BalanceApi.Application.Tests.csproj", "{7D7E421A-6A04-4C8B-8DE9-31FF51927519}"
EndProject
Project("{FAE04EC0-301F-11D3-BF4B-00C04F79EFBC}") = "BalanceApi.Domain.Tests", "tests\BalanceApi.Domain.Tests\BalanceApi.Domain.Tests.csproj", "{414147E4-7472-4B0A-8C7C-CFA3586E8E69}"
EndProject
Project("{FAE04EC0-301F-11D3-BF4B-00C04F79EFBC}") = "BalanceApi.Infrastructure.Tests", "tests\BalanceApi.Infrastructure.Tests\BalanceApi.Infrastructure.Tests.csproj", "{91504A18-8541-43A2-B2DF-D545361A5E8F}"
EndProject
Global
	GlobalSection(SolutionConfigurationPlatforms) = preSolution
		Debug|Any CPU = Debug|Any CPU
		Debug|x64 = Debug|x64
		Debug|x86 = Debug|x86
		Release|Any CPU = Release|Any CPU
		Release|x64 = Release|x64
		Release|x86 = Release|x86
	EndGlobalSection
	GlobalSection(ProjectConfigurationPlatforms) = postSolution
		{B9B5C016-E2B4-4690-B3A2-4E6C039E565B}.Debug|Any CPU.ActiveCfg = Debug|Any CPU
		{B9B5C016-E2B4-4690-B3A2-4E6C039E565B}.Debug|Any CPU.Build.0 = Debug|Any CPU
		{B9B5C016-E2B4-4690-B3A2-4E6C039E565B}.Debug|x64.ActiveCfg = Debug|Any CPU
		{B9B5C016-E2B4-4690-B3A2-4E6C039E565B}.Debug|x64.Build.0 = Debug|Any CPU
		{B9B5C016-E2B4-4690-B3A2-4E6C039E565B}.Debug|x86.ActiveCfg = Debug|Any CPU
		{B9B5C016-E2B4-4690-B3A2-4E6C039E565B}.Debug|x86.Build.0 = Debug|Any CPU
		{B9B5C016-E2B4-4690-B3A2-4E6C039E565B}.Release|Any CPU.ActiveCfg = Release|Any CPU
		{B9B5C016-E2B4-4690-B3A2-4E6C039E565B}.Release|Any CPU.Build.0 = Release|Any CPU
		{B9B5C016-E2B4-4690-B3A2-4E6C039E565B}.Release|x64.ActiveCfg = Release|Any CPU
		{B9B5C016-E2B4-4690-B3A2-4E6C039E565B}.Release|x64.Build.0 = Release|Any CPU
		{B9B5C016-E2B4-4690-B3A2-4E6C039E565B}.Release|x86.ActiveCfg = Release|Any CPU
		{B9B5C016-E2B4-4690-B3A2-4E6C039E565B}.Release|x86.Build.0 = Release|Any CPU
		{BFAD7868-A067-48A0-BC5C-0887FCEEA7DB}.Debug|Any CPU.ActiveCfg = Debug|Any CPU
		{BFAD7868-A067-48A0-BC5C-0887FCEEA7DB}.Debug|Any CPU.Build.0 = Debug|Any CPU
		{BFAD7868-A067-48A0-BC5C-0887FCEEA7DB}.Debug|x64.ActiveCfg = Debug|Any CPU
		{BFAD7868-A067-48A0-BC5C-0887FCEEA7DB}.Debug|x64.Build.0 = Debug|Any CPU
		{BFAD7868-A067-48A0-BC5C-0887FCEEA7DB}.Debug|x86.ActiveCfg = Debug|Any CPU
		{BFAD7868-A067-48A0-BC5C-0887FCEEA7DB}.Debug|x86.Build.0 = Debug|Any CPU
		{BFAD7868-A067-48A0-BC5C-0887FCEEA7DB}.Release|Any CPU.ActiveCfg = Release|Any CPU
		{BFAD7868-A067-48A0-BC5C-0887FCEEA7DB}.Release|Any CPU.Build.0 = Release|Any CPU
		{BFAD7868-A067-48A0-BC5C-0887FCEEA7DB}.Release|x64.ActiveCfg = Release|Any CPU
		{BFAD7868-A067-48A0-BC5C-0887FCEEA7DB}.Release|x64.Build.0 = Release|Any CPU
		{BFAD7868-A067-48A0-BC5C-0887FCEEA7DB}.Release|x86.ActiveCfg = Release|Any CPU
		{BFAD7868-A067-48A0-BC5C-0887FCEEA7DB}.Release|x86.Build.0 = Release|Any CPU
		{4C55E44C-CE94-47BF-9C70-DE6FB46FC884}.Debug|Any CPU.ActiveCfg = Debug|Any CPU
		{4C55E44C-CE94-47BF-9C70-DE6FB46FC884}.Debug|Any CPU.Build.0 = Debug|Any CPU
		{4C55E44C-CE94-47BF-9C70-DE6FB46FC884}.Debug|x64.ActiveCfg = Debug|Any CPU
		{4C55E44C-CE94-47BF-9C70-DE6FB46FC884}.Debug|x64.Build.0 = Debug|Any CPU
		{4C55E44C-CE94-47BF-9C70-DE6FB46FC884}.Debug|x86.ActiveCfg = Debug|Any CPU
		{4C55E44C-CE94-47BF-9C70-DE6FB46FC884}.Debug|x86.Build.0 = Debug|Any CPU
		{4C55E44C-CE94-47BF-9C70-DE6FB46FC884}.Release|Any CPU.ActiveCfg = Release|Any CPU
		{4C55E44C-CE94-47BF-9C70-DE6FB46FC884}.Release|Any CPU.Build.0 = Release|Any CPU
		{4C55E44C-CE94-47BF-9C70-DE6FB46FC884}.Release|x64.ActiveCfg = Release|Any CPU
		{4C55E44C-CE94-47BF-9C70-DE6FB46FC884}.Release|x64.Build.0 = Release|Any CPU
		{4C55E44C-CE94-47BF-9C70-DE6FB46FC884}.Release|x86.ActiveCfg = Release|Any CPU
		{4C55E44C-CE94-47BF-9C70-DE6FB46FC884}.Release|x86.Build.0 = Release|Any CPU
		{E02718AF-DCA3-4579-BDA9-B1A76EAA0D20}.Debug|Any CPU.ActiveCfg = Debug|Any CPU
		{E02718AF-DCA3-4579-BDA9-B1A76EAA0D20}.Debug|Any CPU.Build.0 = Debug|Any CPU
		{E02718AF-DCA3-4579-BDA9-B1A76EAA0D20}.Debug|x64.ActiveCfg = Debug|Any CPU
		{E02718AF-DCA3-4579-BDA9-B1A76EAA0D20}.Debug|x64.Build.0 = Debug|Any CPU
		{E02718AF-DCA3-4579-BDA9-B1A76EAA0D20}.Debug|x86.ActiveCfg = Debug|Any CPU
		{E02718AF-DCA3-4579-BDA9-B1A76EAA0D20}.Debug|x86.Build.0 = Debug|Any CPU
		{E02718AF-DCA3-4579-BDA9-B1A76EAA0D20}.Release|Any CPU.ActiveCfg = Release|Any CPU
		{E02718AF-DCA3-4579-BDA9-B1A76EAA0D20}.Release|Any CPU.Build.0 = Release|Any CPU
		{E02718AF-DCA3-4579-BDA9-B1A76EAA0D20}.Release|x64.ActiveCfg = Release|Any CPU
		{E02718AF-DCA3-4579-BDA9-B1A76EAA0D20}.Release|x64.Build.0 = Release|Any CPU
		{E02718AF-DCA3-4579-BDA9-B1A76EAA0D20}.Release|x86.ActiveCfg = Release|Any CPU
		{E02718AF-DCA3-4579-BDA9-B1A76EAA0D20}.Release|x86.Build.0 = Release|Any CPU
		{17EA5621-1885-4004-BB06-B022E7F9D0B7}.Debug|Any CPU.ActiveCfg = Debug|Any CPU
		{17EA5621-1885-4004-BB06-B022E7F9D0B7}.Debug|Any CPU.Build.0 = Debug|Any CPU
		{17EA5621-1885-4004-BB06-B022E7F9D0B7}.Debug|x64.ActiveCfg = Debug|Any CPU
		{17EA5621-1885-4004-BB06-B022E7F9D0B7}.Debug|x64.Build.0 = Debug|Any CPU
		{17EA5621-1885-4004-BB06-B022E7F9D0B7}.Debug|x86.ActiveCfg = Debug|Any CPU
		{17EA5621-1885-4004-BB06-B022E7F9D0B7}.Debug|x86.Build.0 = Debug|Any CPU
		{17EA5621-1885-4004-BB06-B022E7F9D0B7}.Release|Any CPU.ActiveCfg = Release|Any CPU
		{17EA5621-1885-4004-BB06-B022E7F9D0B7}.Release|Any CPU.Build.0 = Release|Any CPU
		{17EA5621-1885-4004-BB06-B022E7F9D0B7}.Release|x64.ActiveCfg = Release|Any CPU
		{17EA5621-1885-4004-BB06-B022E7F9D0B7}.Release|x64.Build.0 = Release|Any CPU
		{17EA5621-1885-4004-BB06-B022E7F9D0B7}.Release|x86.ActiveCfg = Release|Any CPU
		{17EA5621-1885-4004-BB06-B022E7F9D0B7}.Release|x86.Build.0 = Release|Any CPU
		{7D7E421A-6A04-4C8B-8DE9-31FF51927519}.Debug|Any CPU.ActiveCfg = Debug|Any CPU
		{7D7E421A-6A04-4C8B-8DE9-31FF51927519}.Debug|Any CPU.Build.0 = Debug|Any CPU
		{7D7E421A-6A04-4C8B-8DE9-31FF51927519}.Debug|x64.ActiveCfg = Debug|Any CPU
		{7D7E421A-6A04-4C8B-8DE9-31FF51927519}.Debug|x64.Build.0 = Debug|Any CPU
		{7D7E421A-6A04-4C8B-8DE9-31FF51927519}.Debug|x86.ActiveCfg = Debug|Any CPU
		{7D7E421A-6A04-4C8B-8DE9-31FF51927519}.Debug|x86.Build.0 = Debug|Any CPU
		{7D7E421A-6A04-4C8B-8DE9-31FF51927519}.Release|Any CPU.ActiveCfg = Release|Any CPU
		{7D7E421A-6A04-4C8B-8DE9-31FF51927519}.Release|Any CPU.Build.0 = Release|Any CPU
		{7D7E421A-6A04-4C8B-8DE9-31FF51927519}.Release|x64.ActiveCfg = Release|Any CPU
		{7D7E421A-6A04-4C8B-8DE9-31FF51927519}.Release|x64.Build.0 = Release|Any CPU
		{7D7E421A-6A04-4C8B-8DE9-31FF51927519}.Release|x86.ActiveCfg = Release|Any CPU
		{7D7E421A-6A04-4C8B-8DE9-31FF51927519}.Release|x86.Build.0 = Release|Any CPU
		{414147E4-7472-4B0A-8C7C-CFA3586E8E69}.Debug|Any CPU.ActiveCfg = Debug|Any CPU
		{414147E4-7472-4B0A-8C7C-CFA3586E8E69}.Debug|Any CPU.Build.0 = Debug|Any CPU
		{414147E4-7472-4B0A-8C7C-CFA3586E8E69}.Debug|x64.ActiveCfg = Debug|Any CPU
		{414147E4-7472-4B0A-8C7C-CFA3586E8E69}.Debug|x64.Build.0 = Debug|Any CPU
		{414147E4-7472-4B0A-8C7C-CFA3586E8E69}.Debug|x86.ActiveCfg = Debug|Any CPU
		{414147E4-7472-4B0A-8C7C-CFA3586E8E69}.Debug|x86.Build.0 = Debug|Any CPU
		{414147E4-7472-4B0A-8C7C-CFA3586E8E69}.Release|Any CPU.ActiveCfg = Release|Any CPU
		{414147E4-7472-4B0A-8C7C-CFA3586E8E69}.Release|Any CPU.Build.0 = Release|Any CPU
		{414147E4-7472-4B0A-8C7C-CFA3586E8E69}.Release|x64.ActiveCfg = Release|Any CPU
		{414147E4-7472-4B0A-8C7C-CFA3586E8E69}.Release|x64.Build.0 = Release|Any CPU
		{414147E4-7472-4B0A-8C7C-CFA3586E8E69}.Release|x86.ActiveCfg = Release|Any CPU
		{414147E4-7472-4B0A-8C7C-CFA3586E8E69}.Release|x86.Build.0 = Release|Any CPU
		{91504A18-8541-43A2-B2DF-D545361A5E8F}.Debug|Any CPU.ActiveCfg = Debug|Any CPU
		{91504A18-8541-43A2-B2DF-D545361A5E8F}.Debug|Any CPU.Build.0 = Debug|Any CPU
		{91504A18-8541-43A2-B2DF-D545361A5E8F}.Debug|x64.ActiveCfg = Debug|Any CPU
		{91504A18-8541-43A2-B2DF-D545361A5E8F}.Debug|x64.Build.0 = Debug|Any CPU
		{91504A18-8541-43A2-B2DF-D545361A5E8F}.Debug|x86.ActiveCfg = Debug|Any CPU
		{91504A18-8541-43A2-B2DF-D545361A5E8F}.Debug|x86.Build.0 = Debug|Any CPU
		{91504A18-8541-43A2-B2DF-D545361A5E8F}.Release|Any CPU.ActiveCfg = Release|Any CPU
		{91504A18-8541-43A2-B2DF-D545361A5E8F}.Release|Any CPU.Build.0 = Release|Any CPU
		{91504A18-8541-43A2-B2DF-D545361A5E8F}.Release|x64.ActiveCfg = Release|Any CPU
		{91504A18-8541-43A2-B2DF-D545361A5E8F}.Release|x64.Build.0 = Release|Any CPU
		{91504A18-8541-43A2-B2DF-D545361A5E8F}.Release|x86.ActiveCfg = Release|Any CPU
		{91504A18-8541-43A2-B2DF-D545361A5E8F}.Release|x86.Build.0 = Release|Any CPU
	EndGlobalSection
	GlobalSection(SolutionProperties) = preSolution
		HideSolutionNode = FALSE
	EndGlobalSection
	GlobalSection(NestedProjects) = preSolution
		{B9B5C016-E2B4-4690-B3A2-4E6C039E565B} = {827E0CD3-B72D-47B6-A68D-7590B98EB39B}
		{BFAD7868-A067-48A0-BC5C-0887FCEEA7DB} = {827E0CD3-B72D-47B6-A68D-7590B98EB39B}
		{4C55E44C-CE94-47BF-9C70-DE6FB46FC884} = {827E0CD3-B72D-47B6-A68D-7590B98EB39B}
		{E02718AF-DCA3-4579-BDA9-B1A76EAA0D20} = {827E0CD3-B72D-47B6-A68D-7590B98EB39B}
		{17EA5621-1885-4004-BB06-B022E7F9D0B7} = {0AB3BF05-4346-4AA6-1389-037BE0695223}
		{7D7E421A-6A04-4C8B-8DE9-31FF51927519} = {0AB3BF05-4346-4AA6-1389-037BE0695223}
		{414147E4-7472-4B0A-8C7C-CFA3586E8E69} = {0AB3BF05-4346-4AA6-1389-037BE0695223}
		{91504A18-8541-43A2-B2DF-D545361A5E8F} = {0AB3BF05-4346-4AA6-1389-037BE0695223}
	EndGlobalSection
EndGlobal
